
Microsoft Visual Studio Solution File, Format Version 12.00
# Visual Studio Version 17
VisualStudioVersion = 17.14.36908.2 d17.14
MinimumVisualStudioVersion = 10.0.40219.1
Project("{FAE04EC0-301F-11D3-BF4B-00C04F79EFBC}") = "Grafica", "Grafica\Grafica.csproj", "{30EFD983-A6CC-4C98-91F2-476EA36089D8}"
EndProject
Global
	GlobalSection(SolutionConfigurationPlatforms) = preSolution
		Debug|Any CPU = Debug|Any CPU
		Release|Any CPU = Release|Any CPU
	EndGlobalSection
	GlobalSection(ProjectConfigurationPlatforms) = postSolution
		{30EFD983-A6CC-4C98-91F2-476EA36089D8}.Debug|Any CPU.ActiveCfg = Debug|Any CPU
		{30EFD983-A6CC-4C98-91F2-476EA36089D8}.Debug|Any CPU.Build.0 = Debug|Any CPU
		{30EFD983-A6CC-4C98-91F2-476EA36089D8}.Release|Any CPU.ActiveCfg = Release|Any CPU
		{30EFD983-A6CC-4C98-91F2-476EA36089D8}.Release|Any CPU.Build.0 = Release|Any CPU
	EndGlobalSection
	GlobalSection(SolutionProperties) = preSolution
		HideSolutionNode = FALSE
	EndGlobalSection
	GlobalSection(ExtensibilityGlobals) = postSolution
		SolutionGuid = {CAE9504F-635E-49A8-AE81-8A94606C84F6}
	EndGlobalSection
EndGlobal
